
Microsoft Visual Studio Solution File, Format Version 12.00
# Visual Studio Version 17
VisualStudioVersion = 17.2.32519.379
MinimumVisualStudioVersion = 10.0.40219.1
Project("{FAE04EC0-301F-11D3-BF4B-00C04F79EFBC}") = "ImageSearch", "ImageSearch\ImageSearch.csproj", "{8C2005AE-DD05-4423-8167-00ED565290B6}"
EndProject
Project("{FAE04EC0-301F-11D3-BF4B-00C04F79EFBC}") = "ImageSearchTest", "ImageSearchTest\ImageSearchTest.csproj", "{2C95962D-BFAD-4A70-BE9B-D33885B6D9B9}"
EndProject
Global
	GlobalSection(SolutionConfigurationPlatforms) = preSolution
		Debug|Any CPU = Debug|Any CPU
		Release|Any CPU = Release|Any CPU
	EndGlobalSection
	GlobalSection(ProjectConfigurationPlatforms) = postSolution
		{8C2005AE-DD05-4423-8167-00ED565290B6}.Debug|Any CPU.ActiveCfg = Debug|Any CPU
		{8C2005AE-DD05-4423-8167-00ED565290B6}.Debug|Any CPU.Build.0 = Debug|Any CPU
		{8C2005AE-DD05-4423-8167-00ED565290B6}.Release|Any CPU.ActiveCfg = Release|Any CPU
		{8C2005AE-DD05-4423-8167-00ED565290B6}.Release|Any CPU.Build.0 = Release|Any CPU
		{2C95962D-BFAD-4A70-BE9B-D33885B6D9B9}.Debug|Any CPU.ActiveCfg = Debug|Any CPU
		{2C95962D-BFAD-4A70-BE9B-D33885B6D9B9}.Debug|Any CPU.Build.0 = Debug|Any CPU
		{2C95962D-BFAD-4A70-BE9B-D33885B6D9B9}.Release|Any CPU.ActiveCfg = Release|Any CPU
		{2C95962D-BFAD-4A70-BE9B-D33885B6D9B9}.Release|Any CPU.Build.0 = Release|Any CPU
	EndGlobalSection
	GlobalSection(SolutionProperties) = preSolution
		HideSolutionNode = FALSE
	EndGlobalSection
	GlobalSection(ExtensibilityGlobals) = postSolution
		SolutionGuid = {7F06D300-6F80-41A9-A149-30A6CA639849}
	EndGlobalSection
EndGlobal
